<?xml version="1.0" encoding="utf-8"?>
<Project ToolsVersion="4.0" xmlns="http://schemas.microsoft.com/developer/msbuild/2003">
  <ItemGroup>
    <Filter Include="SAUI_QT">
      <UniqueIdentifier>{2bfa9b74-2005-4904-8105-5d6671eb2938}</UniqueIdentifier>
    </Filter>
    <Filter Include="sources">
      <UniqueIdentifier>{7eed900a-9f08-4919-ba16-e4b4272260a3}</UniqueIdentifier>
    </Filter>
    <Filter Include="sources\WidgetsFactory">
      <UniqueIdentifier>{8d88c477-bfd6-425a-8215-1a25337c5dbe}</UniqueIdentifier>
    </Filter>
    <Filter Include="sources\Widgets">
      <UniqueIdentifier>{8b2f2336-3698-457b-9ccc-66f10df2a6c4}</UniqueIdentifier>
    </Filter>
    <Filter Include="SAUI_QT\WidgetsFactory">
      <UniqueIdentifier>{d5c1b1f0-3f6c-4080-8caf-bd274fcf89e5}</UniqueIdentifier>
    </Filter>
    <Filter Include="SAUI_QT\Widgets">
      <UniqueIdentifier>{9e82fc71-fd45-475f-9728-66dc99f53824}</UniqueIdentifier>
    </Filter>
    <Filter Include="SAUI_QT\CSA">
      <UniqueIdentifier>{d25c35d1-820d-4e6b-b704-b8ada54913aa}</UniqueIdentifier>
    </Filter>
    <Filter Include="sources\CSA">
      <UniqueIdentifier>{0f4c8e50-4a02-4706-b197-e67185c38f47}</UniqueIdentifier>
    </Filter>
  </ItemGroup>
  <ItemGroup>
    <ClInclude Include="..\..\sources\SAUI_QT\SAUI_QT\CSA\SAQT_CSA.h">
      <Filter>SAUI_QT\CSA</Filter>
    </ClInclude>
    <ClInclude Include="..\..\sources\SAUI_QT\SAUI_QT\WidgetsFactory\SAQT_WidgetsFactory.h">
      <Filter>SAUI_QT\WidgetsFactory</Filter>
    </ClInclude>
    <ClInclude Include="..\..\sources\SAUI_QT\SAUI_QT\SAQT.h">
      <Filter>SAUI_QT</Filter>
    </ClInclude>
    <ClInclude Include="..\..\sources\SAUI_QT\SAUI_QT\Widgets\SAQT_PushButton.h">
      <Filter>SAUI_QT\Widgets</Filter>
    </ClInclude>
  </ItemGroup>
  <ItemGroup>
    <ClCompile Include="..\..\sources\SAUI_QT\sources\CSA\SAQT_CSA.cpp">
      <Filter>sources\CSA</Filter>
    </ClCompile>
    <ClCompile Include="..\..\sources\SAUI_QT\sources\WidgetsFactory\SAQT_WidgetsFactory.cpp">
      <Filter>sources\WidgetsFactory</Filter>
    </ClCompile>
    <ClCompile Include="..\..\sources\SAUI_QT\sources\Widgets\SAQT_PushButton.cpp">
      <Filter>sources\Widgets</Filter>
    </ClCompile>
  </ItemGroup>
</Project>