
Microsoft Visual Studio Solution File, Format Version 11.00
# Visual Studio 2010
Project("{8BC9CEB8-8B4A-11D0-8D11-00A0C91BC942}") = "SAUI_Shred", "SAUI_Shred.vcxproj", "{2FDA1ABA-03A7-4FDD-B008-DE7313A0DD11}"
EndProject
Project("{8BC9CEB8-8B4A-11D0-8D11-00A0C91BC942}") = "SAUI_Kernel", "..\..\Kernel\visual\SAUI_Kernel.vcxproj", "{E2503058-1A8B-4E48-8E14-7468D6ACB132}"
	ProjectSection(ProjectDependencies) = postProject
		{2FDA1ABA-03A7-4FDD-B008-DE7313A0DD11} = {2FDA1ABA-03A7-4FDD-B008-DE7313A0DD11}
	EndProjectSection
EndProject
Project("{8BC9CEB8-8B4A-11D0-8D11-00A0C91BC942}") = "SAUI_Client", "..\..\Client\visual\SAUI_Client.vcxproj", "{22CE9E1A-0BB9-41A6-A4E7-450123DA506A}"
	ProjectSection(ProjectDependencies) = postProject
		{E2503058-1A8B-4E48-8E14-7468D6ACB132} = {E2503058-1A8B-4E48-8E14-7468D6ACB132}
		{2FDA1ABA-03A7-4FDD-B008-DE7313A0DD11} = {2FDA1ABA-03A7-4FDD-B008-DE7313A0DD11}
	EndProjectSection
EndProject
Global
	GlobalSection(SolutionConfigurationPlatforms) = preSolution
		Debug|Win32 = Debug|Win32
		Release|Win32 = Release|Win32
	EndGlobalSection
	GlobalSection(ProjectConfigurationPlatforms) = postSolution
		{2FDA1ABA-03A7-4FDD-B008-DE7313A0DD11}.Debug|Win32.ActiveCfg = Debug|Win32
		{2FDA1ABA-03A7-4FDD-B008-DE7313A0DD11}.Debug|Win32.Build.0 = Debug|Win32
		{2FDA1ABA-03A7-4FDD-B008-DE7313A0DD11}.Release|Win32.ActiveCfg = Release|Win32
		{2FDA1ABA-03A7-4FDD-B008-DE7313A0DD11}.Release|Win32.Build.0 = Release|Win32
		{E2503058-1A8B-4E48-8E14-7468D6ACB132}.Debug|Win32.ActiveCfg = Debug|Win32
		{E2503058-1A8B-4E48-8E14-7468D6ACB132}.Debug|Win32.Build.0 = Debug|Win32
		{E2503058-1A8B-4E48-8E14-7468D6ACB132}.Release|Win32.ActiveCfg = Release|Win32
		{E2503058-1A8B-4E48-8E14-7468D6ACB132}.Release|Win32.Build.0 = Release|Win32
		{22CE9E1A-0BB9-41A6-A4E7-450123DA506A}.Debug|Win32.ActiveCfg = Debug|Win32
		{22CE9E1A-0BB9-41A6-A4E7-450123DA506A}.Debug|Win32.Build.0 = Debug|Win32
		{22CE9E1A-0BB9-41A6-A4E7-450123DA506A}.Release|Win32.ActiveCfg = Release|Win32
		{22CE9E1A-0BB9-41A6-A4E7-450123DA506A}.Release|Win32.Build.0 = Release|Win32
	EndGlobalSection
	GlobalSection(SolutionProperties) = preSolution
		HideSolutionNode = FALSE
	EndGlobalSection
EndGlobal
