<?xml version="1.0" encoding="utf-8"?>
<Project ToolsVersion="4.0" xmlns="http://schemas.microsoft.com/developer/msbuild/2003">
  <ItemGroup>
    <Filter Include="Shared">
      <UniqueIdentifier>{82137a54-e534-48a4-ba82-0b5d4fa4141a}</UniqueIdentifier>
    </Filter>
    <Filter Include="Sources">
      <UniqueIdentifier>{9706a758-87c3-4968-a5a7-227ba2aa0bd2}</UniqueIdentifier>
    </Filter>
    <Filter Include="Shared\Common">
      <UniqueIdentifier>{92a0d648-f726-439a-91bc-e7f10c442311}</UniqueIdentifier>
    </Filter>
    <Filter Include="Shared\Core">
      <UniqueIdentifier>{a0bde8b7-db9e-4b2b-8c0e-955c2ada0323}</UniqueIdentifier>
    </Filter>
    <Filter Include="Shared\Private">
      <UniqueIdentifier>{6329890e-bc14-4e7b-942b-da8b4293d5ea}</UniqueIdentifier>
    </Filter>
    <Filter Include="Sources\Common">
      <UniqueIdentifier>{0102ff94-8f9b-4c98-a750-573cc3f0e684}</UniqueIdentifier>
    </Filter>
    <Filter Include="Sources\Core">
      <UniqueIdentifier>{cccef168-0f1b-4860-a3a9-0c0acfc915aa}</UniqueIdentifier>
    </Filter>
    <Filter Include="Sources\Private">
      <UniqueIdentifier>{2f18ef87-dc42-45be-b5b6-d36e8cce68dc}</UniqueIdentifier>
    </Filter>
    <Filter Include="Shared\Private\Common">
      <UniqueIdentifier>{f04da9f5-cbfc-4852-8ba3-4725d08a310c}</UniqueIdentifier>
    </Filter>
    <Filter Include="Shared\Private\Core">
      <UniqueIdentifier>{5d43ce14-4bfd-42d4-a658-a8fa8f33afe5}</UniqueIdentifier>
    </Filter>
    <Filter Include="Sources\Private\Common">
      <UniqueIdentifier>{807c3547-0263-4fcb-a3b7-1599eb920db6}</UniqueIdentifier>
    </Filter>
    <Filter Include="Sources\Private\Core">
      <UniqueIdentifier>{4239830f-aba0-4141-92ff-bdb58eb69d06}</UniqueIdentifier>
    </Filter>
    <Filter Include="Sources\Utils">
      <UniqueIdentifier>{760f98d1-fa8b-4cec-aa82-76bbbb09c749}</UniqueIdentifier>
    </Filter>
    <Filter Include="Sources\Utils\LogMananger">
      <UniqueIdentifier>{c818dc65-3237-4db2-b9f0-68a78968ffb9}</UniqueIdentifier>
    </Filter>
    <Filter Include="Shared\Utils">
      <UniqueIdentifier>{6ebd95c2-6374-4db1-9250-d0204b8e2fa4}</UniqueIdentifier>
    </Filter>
    <Filter Include="Shared\Utils\LogManager">
      <UniqueIdentifier>{e090939a-1171-4d42-9939-359a226d9368}</UniqueIdentifier>
    </Filter>
  </ItemGroup>
  <ItemGroup>
    <ClInclude Include="..\..\sources\Shared\Shared\Common\SA_String.h">
      <Filter>Shared\Common</Filter>
    </ClInclude>
    <ClInclude Include="..\..\sources\Shared\StdAfx.h">
      <Filter>Shared</Filter>
    </ClInclude>
    <ClInclude Include="..\..\sources\Shared\Shared\Utils\SA_Assert.h">
      <Filter>Shared\Utils</Filter>
    </ClInclude>
    <ClInclude Include="..\..\sources\Shared\Shared\Utils\LogManager\SA_LogMananger.h">
      <Filter>Shared\Utils\LogManager</Filter>
    </ClInclude>
    <ClInclude Include="..\..\sources\Shared\Shared\Utils\SA_UtilConstants.h">
      <Filter>Shared\Utils</Filter>
    </ClInclude>
    <ClInclude Include="..\..\sources\Shared\Shared\Private\Core\SA_PrivateVariant.h">
      <Filter>Shared\Private\Core</Filter>
    </ClInclude>
    <ClInclude Include="..\..\sources\Shared\Shared\Private\Core\SA_PrivatePropertyCategory.h">
      <Filter>Shared\Private\Core</Filter>
    </ClInclude>
    <ClInclude Include="..\..\sources\Shared\Shared\Private\Core\SA_PrivateProperty.h">
      <Filter>Shared\Private\Core</Filter>
    </ClInclude>
    <ClInclude Include="..\..\sources\Shared\Shared\Core\SA_Variant.h">
      <Filter>Shared\Core</Filter>
    </ClInclude>
    <ClInclude Include="..\..\sources\Shared\Shared\Core\SA_Widget.h">
      <Filter>Shared\Core</Filter>
    </ClInclude>
    <ClInclude Include="..\..\sources\Shared\Shared\Core\SA_PropertyCategory.h">
      <Filter>Shared\Core</Filter>
    </ClInclude>
    <ClInclude Include="..\..\sources\Shared\Shared\Core\SA_Property.h">
      <Filter>Shared\Core</Filter>
    </ClInclude>
    <ClInclude Include="..\..\sources\Shared\Shared\Core\SA_Properties.h">
      <Filter>Shared\Core</Filter>
    </ClInclude>
    <ClInclude Include="..\..\sources\Shared\Shared\Core\SA_CoreConstants.h">
      <Filter>Shared\Core</Filter>
    </ClInclude>
    <ClInclude Include="..\..\sources\Shared\Shared\Core\SA_InitSessionData.h">
      <Filter>Shared\Core</Filter>
    </ClInclude>
    <ClInclude Include="..\..\sources\Shared\Shared\Core\SA_ObjectWithProperties.h">
      <Filter>Shared\Core</Filter>
    </ClInclude>
    <ClInclude Include="..\..\sources\Shared\Shared\Shared.h">
      <Filter>Shared</Filter>
    </ClInclude>
    <ClInclude Include="..\..\sources\Shared\Shared\Core\SA_TreeItem.h">
      <Filter>Shared\Core</Filter>
    </ClInclude>
    <ClInclude Include="..\..\sources\Shared\Shared\Private\Core\SA_PrivateTreeItem.h">
      <Filter>Shared\Private\Core</Filter>
    </ClInclude>
    <ClInclude Include="..\..\sources\Shared\Shared\Core\SA_User.h">
      <Filter>Shared\Core</Filter>
    </ClInclude>
  </ItemGroup>
  <ItemGroup>
    <ClCompile Include="..\..\sources\Shared\Sources\Common\SA_String.cpp">
      <Filter>Sources\Common</Filter>
    </ClCompile>
    <ClCompile Include="..\..\sources\Shared\Sources\Utils\LogManager\SA_LogManager.cpp">
      <Filter>Sources\Utils\LogMananger</Filter>
    </ClCompile>
    <ClCompile Include="..\..\sources\Shared\Sources\Utils\SA_Assert.cpp">
      <Filter>Sources\Utils</Filter>
    </ClCompile>
    <ClCompile Include="..\..\sources\Shared\Sources\Private\Core\SA_PrivateVariant.cpp">
      <Filter>Sources\Private\Core</Filter>
    </ClCompile>
    <ClCompile Include="..\..\sources\Shared\Sources\Private\Core\SA_PrivatePropertyCategory.cpp">
      <Filter>Sources\Private\Core</Filter>
    </ClCompile>
    <ClCompile Include="..\..\sources\Shared\Sources\Private\Core\SA_PrivateProperty.cpp">
      <Filter>Sources\Private\Core</Filter>
    </ClCompile>
    <ClCompile Include="..\..\sources\Shared\Sources\Core\SA_WidgetWithProperties.cpp">
      <Filter>Sources\Core</Filter>
    </ClCompile>
    <ClCompile Include="..\..\sources\Shared\Sources\Core\SA_Variant.cpp">
      <Filter>Sources\Core</Filter>
    </ClCompile>
    <ClCompile Include="..\..\sources\Shared\Sources\Core\SA_Widget.cpp">
      <Filter>Sources\Core</Filter>
    </ClCompile>
    <ClCompile Include="..\..\sources\Shared\Sources\Core\SA_PropertyCategory.cpp">
      <Filter>Sources\Core</Filter>
    </ClCompile>
    <ClCompile Include="..\..\sources\Shared\Sources\Core\SA_Property.cpp">
      <Filter>Sources\Core</Filter>
    </ClCompile>
    <ClCompile Include="..\..\sources\Shared\Sources\Core\SA_Properties.cpp">
      <Filter>Sources\Core</Filter>
    </ClCompile>
    <ClCompile Include="..\..\sources\Shared\Sources\Core\SA_TreeItem.cpp">
      <Filter>Sources\Core</Filter>
    </ClCompile>
    <ClCompile Include="..\..\sources\Shared\Sources\Private\Core\SA_PrivateTreeItem.cpp">
      <Filter>Sources\Private\Core</Filter>
    </ClCompile>
    <ClCompile Include="..\..\sources\Shared\Sources\Core\SA_User.cpp">
      <Filter>Sources\Core</Filter>
    </ClCompile>
  </ItemGroup>
</Project>